
Microsoft Visual Studio Solution File, Format Version 12.00
# Visual Studio Version 17
VisualStudioVersion = 17.0.31903.59
MinimumVisualStudioVersion = 10.0.40219.1
Project("{FAE04EC0-301F-11D3-BF4B-00C04F79EFBC}") = "MyCRUD", "MyCRUD\MyCRUD.csproj", "{0959C8E8-5E8A-4761-A6EE-B79F6E18DF8F}"
EndProject
Project("{FAE04EC0-301F-11D3-BF4B-00C04F79EFBC}") = "MyUnitTest", "MyUnitTest\MyUnitTest.csproj", "{F8704F74-49F3-4643-8118-FCE6CE0155A9}"
EndProject
Project("{FAE04EC0-301F-11D3-BF4B-00C04F79EFBC}") = "Entities", "Entities\Entities.csproj", "{64EE0458-F27F-4F0D-B1FF-D96E9A81616A}"
EndProject
Project("{FAE04EC0-301F-11D3-BF4B-00C04F79EFBC}") = "ServiceContracts", "ServiceContracts\ServiceContracts.csproj", "{BE995293-CD85-459F-ACB7-D2D3CE816CB7}"
EndProject
Project("{FAE04EC0-301F-11D3-BF4B-00C04F79EFBC}") = "Services", "Services\Services.csproj", "{AC91894C-3DC6-45F2-B098-D34200628C4D}"
EndProject
Global
	GlobalSection(SolutionConfigurationPlatforms) = preSolution
		Debug|Any CPU = Debug|Any CPU
		Release|Any CPU = Release|Any CPU
	EndGlobalSection
	GlobalSection(SolutionProperties) = preSolution
		HideSolutionNode = FALSE
	EndGlobalSection
	GlobalSection(ProjectConfigurationPlatforms) = postSolution
		{0959C8E8-5E8A-4761-A6EE-B79F6E18DF8F}.Debug|Any CPU.ActiveCfg = Debug|Any CPU
		{0959C8E8-5E8A-4761-A6EE-B79F6E18DF8F}.Debug|Any CPU.Build.0 = Debug|Any CPU
		{0959C8E8-5E8A-4761-A6EE-B79F6E18DF8F}.Release|Any CPU.ActiveCfg = Release|Any CPU
		{0959C8E8-5E8A-4761-A6EE-B79F6E18DF8F}.Release|Any CPU.Build.0 = Release|Any CPU
		{F8704F74-49F3-4643-8118-FCE6CE0155A9}.Debug|Any CPU.ActiveCfg = Debug|Any CPU
		{F8704F74-49F3-4643-8118-FCE6CE0155A9}.Debug|Any CPU.Build.0 = Debug|Any CPU
		{F8704F74-49F3-4643-8118-FCE6CE0155A9}.Release|Any CPU.ActiveCfg = Release|Any CPU
		{F8704F74-49F3-4643-8118-FCE6CE0155A9}.Release|Any CPU.Build.0 = Release|Any CPU
		{64EE0458-F27F-4F0D-B1FF-D96E9A81616A}.Debug|Any CPU.ActiveCfg = Debug|Any CPU
		{64EE0458-F27F-4F0D-B1FF-D96E9A81616A}.Debug|Any CPU.Build.0 = Debug|Any CPU
		{64EE0458-F27F-4F0D-B1FF-D96E9A81616A}.Release|Any CPU.ActiveCfg = Release|Any CPU
		{64EE0458-F27F-4F0D-B1FF-D96E9A81616A}.Release|Any CPU.Build.0 = Release|Any CPU
		{BE995293-CD85-459F-ACB7-D2D3CE816CB7}.Debug|Any CPU.ActiveCfg = Debug|Any CPU
		{BE995293-CD85-459F-ACB7-D2D3CE816CB7}.Debug|Any CPU.Build.0 = Debug|Any CPU
		{BE995293-CD85-459F-ACB7-D2D3CE816CB7}.Release|Any CPU.ActiveCfg = Release|Any CPU
		{BE995293-CD85-459F-ACB7-D2D3CE816CB7}.Release|Any CPU.Build.0 = Release|Any CPU
		{AC91894C-3DC6-45F2-B098-D34200628C4D}.Debug|Any CPU.ActiveCfg = Debug|Any CPU
		{AC91894C-3DC6-45F2-B098-D34200628C4D}.Debug|Any CPU.Build.0 = Debug|Any CPU
		{AC91894C-3DC6-45F2-B098-D34200628C4D}.Release|Any CPU.ActiveCfg = Release|Any CPU
		{AC91894C-3DC6-45F2-B098-D34200628C4D}.Release|Any CPU.Build.0 = Release|Any CPU
	EndGlobalSection
EndGlobal
